<?xml version="1.0" encoding="utf-8"?>
<Project ToolsVersion="4.0" xmlns="http://schemas.microsoft.com/developer/msbuild/2003">
  <ItemGroup>
    <Filter Include="Source Files">
      <UniqueIdentifier>{4FC737F1-C7A5-4376-A066-2A32D752A2FF}</UniqueIdentifier>
      <Extensions>cpp;c;cc;cxx;c++;cppm;ixx;def;odl;idl;hpj;bat;asm;asmx</Extensions>
    </Filter>
    <Filter Include="Header Files">
      <UniqueIdentifier>{93995380-89BD-4b04-88EB-625FBE52EBFB}</UniqueIdentifier>
      <Extensions>h;hh;hpp;hxx;h++;hm;inl;inc;ipp;xsd</Extensions>
    </Filter>
    <Filter Include="Resource Files">
      <UniqueIdentifier>{67DA6AB6-F800-4c08-8B7A-83BB121AAD01}</UniqueIdentifier>
      <Extensions>rc;ico;cur;bmp;dlg;rc2;rct;bin;rgs;gif;jpg;jpeg;jpe;resx;tiff;tif;png;wav;mfcribbon-ms</Extensions>
    </Filter>
    <Filter Include="Source Files\src">
      <UniqueIdentifier>{3870cc7e-5a16-47f8-9471-db7621297e90}</UniqueIdentifier>
    </Filter>
    <Filter Include="Source Files\src\managers">
      <UniqueIdentifier>{c1224c97-1c27-42a5-a34d-6c6829ffe1a1}</UniqueIdentifier>
    </Filter>
    <Filter Include="Source Files\libs">
      <UniqueIdentifier>{f3274491-cc05-4fac-a71c-95a5e21ff6e9}</UniqueIdentifier>
    </Filter>
    <Filter Include="Source Files\libs\ECS">
      <UniqueIdentifier>{c2fd3479-7bb0-4d92-b3b8-f9c0e070efeb}</UniqueIdentifier>
    </Filter>
    <Filter Include="Source Files\src\components">
      <UniqueIdentifier>{df18eec7-4425-4840-8d31-0c30471ae6f9}</UniqueIdentifier>
    </Filter>
    <Filter Include="Source Files\src\utils">
      <UniqueIdentifier>{a30ca105-920d-4d6a-b542-1d370dbf9921}</UniqueIdentifier>
    </Filter>
  </ItemGroup>
  <ItemGroup>
    <ClCompile Include="..\src\main.cpp">
      <Filter>Source Files\src</Filter>
    </ClCompile>
    <ClCompile Include="..\src\managers\Engine.cpp">
      <Filter>Source Files\src\managers</Filter>
    </ClCompile>
    <ClCompile Include="..\src\managers\SpriteManager.cpp">
      <Filter>Source Files\src\managers</Filter>
    </ClCompile>
    <ClCompile Include="..\libs\tigr.c">
      <Filter>Source Files\libs</Filter>
    </ClCompile>
    <ClCompile Include="..\libs\pugixml\pugixml.cpp">
      <Filter>Source Files\libs</Filter>
    </ClCompile>
    <ClCompile Include="Lua.c">
      <Filter>Source Files</Filter>
    </ClCompile>
    <ClCompile Include="..\src\managers\Game.cpp">
      <Filter>Source Files\src\managers</Filter>
    </ClCompile>
  </ItemGroup>
  <ItemGroup>
    <ClInclude Include="..\src\managers\SpriteManager.hpp">
      <Filter>Source Files\src\managers</Filter>
    </ClInclude>
    <ClInclude Include="..\src\managers\Engine.h">
      <Filter>Source Files\src\managers</Filter>
    </ClInclude>
    <ClInclude Include="..\libs\ecs.hh">
      <Filter>Source Files\libs\ECS</Filter>
    </ClInclude>
    <ClInclude Include="..\libs\tigr.h">
      <Filter>Source Files\libs</Filter>
    </ClInclude>
    <ClInclude Include="..\src\managers\Game.h">
      <Filter>Source Files\src\managers</Filter>
    </ClInclude>
    <ClInclude Include="..\src\components\AIComponent.h">
      <Filter>Source Files\src\components</Filter>
    </ClInclude>
    <ClInclude Include="..\src\components\AnimationComponent.h">
      <Filter>Source Files\src\components</Filter>
    </ClInclude>
    <ClInclude Include="..\src\utils\Vector2.h">
      <Filter>Source Files\src\utils</Filter>
    </ClInclude>
    <ClInclude Include="..\src\components\PhysicsComponent.h">
      <Filter>Source Files\src\components</Filter>
    </ClInclude>
  </ItemGroup>
</Project>